<?xml version="1.0" encoding="utf-8"?>
<Project ToolsVersion="4.0" xmlns="http://schemas.microsoft.com/developer/msbuild/2003">
  <ItemGroup>
    <Filter Include="源文件">
      <UniqueIdentifier>{4FC737F1-C7A5-4376-A066-2A32D752A2FF}</UniqueIdentifier>
      <Extensions>cpp;c;cc;cxx;def;odl;idl;hpj;bat;asm;asmx</Extensions>
    </Filter>
    <Filter Include="头文件">
      <UniqueIdentifier>{93995380-89BD-4b04-88EB-625FBE52EBFB}</UniqueIdentifier>
      <Extensions>h;hh;hpp;hxx;hm;inl;inc;ipp;xsd</Extensions>
    </Filter>
    <Filter Include="资源文件">
      <UniqueIdentifier>{67DA6AB6-F800-4c08-8B7A-83BB121AAD01}</UniqueIdentifier>
      <Extensions>rc;ico;cur;bmp;dlg;rc2;rct;bin;rgs;gif;jpg;jpeg;jpe;resx;tiff;tif;png;wav;mfcribbon-ms</Extensions>
    </Filter>
    <Filter Include="Common">
      <UniqueIdentifier>{ac908b12-37cf-425d-896d-097b1c59d5fc}</UniqueIdentifier>
    </Filter>
    <Filter Include="Core">
      <UniqueIdentifier>{5752b6d5-9712-4c0d-bc60-b66b91d25e0c}</UniqueIdentifier>
    </Filter>
  </ItemGroup>
  <ItemGroup>
    <ClCompile Include="Client.cpp">
      <Filter>Core</Filter>
    </ClCompile>
    <ClCompile Include="Server.cpp">
      <Filter>Core</Filter>
    </ClCompile>
    <ClCompile Include="Param1.cpp">
      <Filter>Common</Filter>
    </ClCompile>
    <ClCompile Include="Exception.cpp">
      <Filter>Common</Filter>
    </ClCompile>
    <ClCompile Include="Log.cpp">
      <Filter>Common</Filter>
    </ClCompile>
    <ClCompile Include="Server2.cpp">
      <Filter>Common</Filter>
    </ClCompile>
    <ClCompile Include="DataStruct.cpp">
      <Filter>Common</Filter>
    </ClCompile>
  </ItemGroup>
  <ItemGroup>
    <ClInclude Include="Client.h">
      <Filter>Core</Filter>
    </ClInclude>
    <ClInclude Include="Server.h">
      <Filter>Core</Filter>
    </ClInclude>
    <ClInclude Include="Param1.h">
      <Filter>Common</Filter>
    </ClInclude>
    <ClInclude Include="Exception.h">
      <Filter>Common</Filter>
    </ClInclude>
    <ClInclude Include="Log.h">
      <Filter>Common</Filter>
    </ClInclude>
    <ClInclude Include="DataStruct.h">
      <Filter>Common</Filter>
    </ClInclude>
  </ItemGroup>
</Project>